
Microsoft Visual Studio Solution File, Format Version 12.00
# Visual Studio Version 17
VisualStudioVersion = 17.3.32922.545
MinimumVisualStudioVersion = 10.0.40219.1
Project("{FAE04EC0-301F-11D3-BF4B-00C04F79EFBC}") = "CrudApp", "CrudApp\CrudApp.csproj", "{78CB9AF5-6396-45F2-BE97-FB3913E458C0}"
EndProject
Global
	GlobalSection(SolutionConfigurationPlatforms) = preSolution
		Debug|Any CPU = Debug|Any CPU
		Release|Any CPU = Release|Any CPU
	EndGlobalSection
	GlobalSection(ProjectConfigurationPlatforms) = postSolution
		{78CB9AF5-6396-45F2-BE97-FB3913E458C0}.Debug|Any CPU.ActiveCfg = Debug|Any CPU
		{78CB9AF5-6396-45F2-BE97-FB3913E458C0}.Debug|Any CPU.Build.0 = Debug|Any CPU
		{78CB9AF5-6396-45F2-BE97-FB3913E458C0}.Release|Any CPU.ActiveCfg = Release|Any CPU
		{78CB9AF5-6396-45F2-BE97-FB3913E458C0}.Release|Any CPU.Build.0 = Release|Any CPU
	EndGlobalSection
	GlobalSection(SolutionProperties) = preSolution
		HideSolutionNode = FALSE
	EndGlobalSection
	GlobalSection(ExtensibilityGlobals) = postSolution
		SolutionGuid = {5D50695B-13C0-4AC4-8036-70B28C015554}
	EndGlobalSection
EndGlobal
